
Microsoft Visual Studio Solution File, Format Version 12.00
# Visual Studio Version 17
VisualStudioVersion = 17.9.34723.18
MinimumVisualStudioVersion = 10.0.40219.1
Project("{FAE04EC0-301F-11D3-BF4B-00C04F79EFBC}") = "Labb1-EF", "Labb1-EF\Labb1-EF.csproj", "{ADFE6706-F14C-4F76-A38A-4C1B16047E3F}"
EndProject
Global
	GlobalSection(SolutionConfigurationPlatforms) = preSolution
		Debug|Any CPU = Debug|Any CPU
		Release|Any CPU = Release|Any CPU
	EndGlobalSection
	GlobalSection(ProjectConfigurationPlatforms) = postSolution
		{ADFE6706-F14C-4F76-A38A-4C1B16047E3F}.Debug|Any CPU.ActiveCfg = Debug|Any CPU
		{ADFE6706-F14C-4F76-A38A-4C1B16047E3F}.Debug|Any CPU.Build.0 = Debug|Any CPU
		{ADFE6706-F14C-4F76-A38A-4C1B16047E3F}.Release|Any CPU.ActiveCfg = Release|Any CPU
		{ADFE6706-F14C-4F76-A38A-4C1B16047E3F}.Release|Any CPU.Build.0 = Release|Any CPU
	EndGlobalSection
	GlobalSection(SolutionProperties) = preSolution
		HideSolutionNode = FALSE
	EndGlobalSection
	GlobalSection(ExtensibilityGlobals) = postSolution
		SolutionGuid = {2EEB64E2-02D3-46DB-9AE4-B5B94180CD0C}
	EndGlobalSection
EndGlobal
